
Microsoft Visual Studio Solution File, Format Version 12.00
# Visual Studio Version 17
VisualStudioVersion = 17.9.34607.119
MinimumVisualStudioVersion = 10.0.40219.1
Project("{FAE04EC0-301F-11D3-BF4B-00C04F79EFBC}") = "AppFiles(3)", "AppFiles(3)\AppFiles(3).csproj", "{278E8A32-F27A-4B65-9CF1-ADF92E2978B3}"
EndProject
Global
	GlobalSection(SolutionConfigurationPlatforms) = preSolution
		Debug|Any CPU = Debug|Any CPU
		Release|Any CPU = Release|Any CPU
	EndGlobalSection
	GlobalSection(ProjectConfigurationPlatforms) = postSolution
		{278E8A32-F27A-4B65-9CF1-ADF92E2978B3}.Debug|Any CPU.ActiveCfg = Debug|Any CPU
		{278E8A32-F27A-4B65-9CF1-ADF92E2978B3}.Debug|Any CPU.Build.0 = Debug|Any CPU
		{278E8A32-F27A-4B65-9CF1-ADF92E2978B3}.Release|Any CPU.ActiveCfg = Release|Any CPU
		{278E8A32-F27A-4B65-9CF1-ADF92E2978B3}.Release|Any CPU.Build.0 = Release|Any CPU
	EndGlobalSection
	GlobalSection(SolutionProperties) = preSolution
		HideSolutionNode = FALSE
	EndGlobalSection
	GlobalSection(ExtensibilityGlobals) = postSolution
		SolutionGuid = {580DCE5E-DCDD-4D52-8452-6F079BAE0CB2}
	EndGlobalSection
EndGlobal
